{
  "requires": true,
  "lockfileVersion": 1,
  "dependencies": {
    "@improbable-eng/grpc-web": {
      "version": "0.12.0",
      "resolved": "https://registry.npmjs.org/@improbable-eng/grpc-web/-/grpc-web-0.12.0.tgz",
      "integrity": "sha512-uJjgMPngreRTYPBuo6gswMj1gK39Wbqre/RgE0XnSDXJRg6ST7ZhuS53dFE6Vc2CX4jxgl+cO+0B3op8LA4Q0Q==",
      "requires": {
        "browser-headers": "^0.4.0"
      }
    },
    "@improbable-eng/grpc-web-node-http-transport": {
      "version": "0.12.0",
      "resolved": "https://registry.npmjs.org/@improbable-eng/grpc-web-node-http-transport/-/grpc-web-node-http-transport-0.12.0.tgz",
      "integrity": "sha512-+Kjz+Dktfz5LKTZA9ZW/Vlww6HF9KaKz4x2mVe1O8CJdOP2WfzC+KY8L6EWMqVLrV4MvdBuQdSgDmvSJz+OGuA=="
    },
    "@onflow/config": {
      "version": "0.0.2",
      "resolved": "https://registry.npmjs.org/@onflow/config/-/config-0.0.2.tgz",
      "integrity": "sha512-H/+yrAalzEnMWkubiWsDdWytKSzd+OfRCddTlaRUelxfXhcfw2QWegH9N8EzeKfKXcQ6PLzvu9vQwhFxCZTE8Q==",
      "requires": {
        "@onflow/util-actor": "0.0.2"
      }
    },
    "@onflow/decode": {
      "version": "0.0.10",
      "resolved": "https://registry.npmjs.org/@onflow/decode/-/decode-0.0.10.tgz",
      "integrity": "sha512-+eInaMNzMtoA2Fkt27HW/GYJdqt7GjIW0gYDpkK6B5AYoRLj1NZTAIX0wV5BUoLCecMGzS1OVML79FxIwLPowQ=="
    },
    "@onflow/encode": {
      "version": "0.0.8",
      "resolved": "https://registry.npmjs.org/@onflow/encode/-/encode-0.0.8.tgz",
      "integrity": "sha512-I7p+/KNzsNCpA+AfIOKRKDnkc7kSW4Nr6Hapamh4ak8SDcNfcO4j8Dx+nTsRwhBuo/R/4XpxMpodC6V7+Vmw0w==",
      "requires": {
        "@onflow/rlp": "0.0.3"
      }
    },
    "@onflow/fcl": {
      "version": "0.0.67",
      "resolved": "https://registry.npmjs.org/@onflow/fcl/-/fcl-0.0.67.tgz",
      "integrity": "sha512-A/1YD+eDx6+mjqENR0bvWSPPww99LYDlLM9jzFjxIyju58paHPCMA7Rav9nQVHfxWMCRAnkbK0yPanUPEyeaww==",
      "requires": {
        "@onflow/config": "0.0.2",
        "@onflow/interaction": "0.0.10",
        "@onflow/rlp": "0.0.3",
        "@onflow/sdk-account": "0.0.8",
        "@onflow/sdk-build-arguments": "0.0.0",
        "@onflow/sdk-build-authorizations": "0.0.1",
        "@onflow/sdk-build-get-account": "0.0.1",
        "@onflow/sdk-build-get-block-by-height": "0.0.0",
        "@onflow/sdk-build-get-block-by-id": "0.0.0",
        "@onflow/sdk-build-get-events": "0.0.0",
        "@onflow/sdk-build-get-latest-block": "0.0.0",
        "@onflow/sdk-build-invariant": "0.0.0",
        "@onflow/sdk-build-limit": "0.0.0",
        "@onflow/sdk-build-params": "0.0.0",
        "@onflow/sdk-build-payer": "0.0.0",
        "@onflow/sdk-build-ping": "0.0.0",
        "@onflow/sdk-build-proposer": "0.0.0",
        "@onflow/sdk-build-ref": "0.0.0",
        "@onflow/sdk-build-script": "0.0.0",
        "@onflow/sdk-build-transaction": "0.0.0",
        "@onflow/sdk-build-transaction-status": "0.0.0",
        "@onflow/sdk-build-validator": "0.0.0",
        "@onflow/sdk-decode": "0.0.2",
        "@onflow/sdk-latest-block": "0.0.8",
        "@onflow/sdk-resolve": "0.0.10",
        "@onflow/sdk-send": "0.0.10",
        "@onflow/util-actor": "0.0.2",
        "@onflow/util-address": "0.0.0",
        "@onflow/util-invariant": "0.0.0",
        "@onflow/util-template": "0.0.1",
        "@onflow/util-uid": "0.0.1"
      }
    },
    "@onflow/interaction": {
      "version": "0.0.10",
      "resolved": "https://registry.npmjs.org/@onflow/interaction/-/interaction-0.0.10.tgz",
      "integrity": "sha512-3+Nhjn8zZjAXpxH+MuHpl4ZR0s9eQl4aZqmjat2sekDTNNl1dYhaWs+RT5CSxzehGzJ2W+aL7JxFn6exFoA0zA=="
    },
    "@onflow/protobuf": {
      "version": "0.1.8",
      "resolved": "https://registry.npmjs.org/@onflow/protobuf/-/protobuf-0.1.8.tgz",
      "integrity": "sha512-Taww31RrpJMr3fkWgF2HR2TcRbAoPbMjwRYt9IlYknyRX5YTzpaU35petdqDRfxwmfY9mRxHbiInujX4aV02Hw==",
      "requires": {
        "@improbable-eng/grpc-web": "^0.12.0",
        "google-protobuf": "^3.11.4"
      }
    },
    "@onflow/response": {
      "version": "0.0.2",
      "resolved": "https://registry.npmjs.org/@onflow/response/-/response-0.0.2.tgz",
      "integrity": "sha512-k5UD4nv9F6YAkDn0Gs0F6R2Izr6jekX9sGu6aPbTQCsfyv8kbG8GRhnfcugtwbGfEKmYO4Dj91QtWy246V9sUQ=="
    },
    "@onflow/rlp": {
      "version": "0.0.3",
      "resolved": "https://registry.npmjs.org/@onflow/rlp/-/rlp-0.0.3.tgz",
      "integrity": "sha512-oAf0VEiMjX8eC6Vd66j1BdGYTHOM6UBaS/sLSScnc7bKX5gICqe2gtEsCeJVE9rUzRk3GD3JqXRnPAW6YFWd/Q=="
    },
    "@onflow/sdk-account": {
      "version": "0.0.8",
      "resolved": "https://registry.npmjs.org/@onflow/sdk-account/-/sdk-account-0.0.8.tgz",
      "integrity": "sha512-fa0zJkb7xasvfCWyo1WqZNomAV4vKulhp9br0+E08cwdSJWcH2CrgWz75Q67YFpdnflhP0n3RzrAREcXt6Y54Q==",
      "requires": {
        "@onflow/sdk-build-get-account": "0.0.1",
        "@onflow/sdk-decode": "0.0.2",
        "@onflow/sdk-send": "0.0.10"
      }
    },
    "@onflow/sdk-build-arguments": {
      "version": "0.0.0",
      "resolved": "https://registry.npmjs.org/@onflow/sdk-build-arguments/-/sdk-build-arguments-0.0.0.tgz",
      "integrity": "sha512-CAUboKBIIfpVpoZFGIHa7vGtTXuAeE/YRyyDGtdlvQcu+7AqumJ0Sz4MohUY+DyvcSTC9FdNs/d5XicS3EIo2A==",
      "requires": {
        "@onflow/interaction": "0.0.10"
      }
    },
    "@onflow/sdk-build-authorizations": {
      "version": "0.0.1",
      "resolved": "https://registry.npmjs.org/@onflow/sdk-build-authorizations/-/sdk-build-authorizations-0.0.1.tgz",
      "integrity": "sha512-N46d9Hv4Jtrb159+HPq9R8RCkao4DnUmbZYIxxM8rkuTUdRluDC52SKS1to9l0WnhJm5+div8E+dSVIg1MBfnw==",
      "requires": {
        "@onflow/interaction": "0.0.10"
      }
    },
    "@onflow/sdk-build-get-account": {
      "version": "0.0.1",
      "resolved": "https://registry.npmjs.org/@onflow/sdk-build-get-account/-/sdk-build-get-account-0.0.1.tgz",
      "integrity": "sha512-BOTLsAqhXwwRj9TYDmV40yBKHRWBToFY1WvJKUOI05oZBOBqDb2KB0L5ej3uKpA/XdmIH4HDmRMmxWU01Xy+FA==",
      "requires": {
        "@onflow/interaction": "0.0.10",
        "@onflow/util-address": "0.0.0"
      }
    },
    "@onflow/sdk-build-get-block-by-height": {
      "version": "0.0.0",
      "resolved": "https://registry.npmjs.org/@onflow/sdk-build-get-block-by-height/-/sdk-build-get-block-by-height-0.0.0.tgz",
      "integrity": "sha512-Efvnzj+eWRTp76RHH3z25G0R+3N8b5oK/addfyjsh5hK61Mk9DAN9JgHQdeglTWgNaOJ0dKrzBZ/SJP2Uz9RHA==",
      "requires": {
        "@onflow/interaction": "0.0.10"
      }
    },
    "@onflow/sdk-build-get-block-by-id": {
      "version": "0.0.0",
      "resolved": "https://registry.npmjs.org/@onflow/sdk-build-get-block-by-id/-/sdk-build-get-block-by-id-0.0.0.tgz",
      "integrity": "sha512-Zw5Gt9NNVUn9CrSUE+SpJO80HL3yUnFhZZcQHw3WvaTb3hDYpDlGs9ldPjYI+SrNxMJAg3KD5OzFnKHMEnmQLw==",
      "requires": {
        "@onflow/interaction": "0.0.10"
      }
    },
    "@onflow/sdk-build-get-events": {
      "version": "0.0.0",
      "resolved": "https://registry.npmjs.org/@onflow/sdk-build-get-events/-/sdk-build-get-events-0.0.0.tgz",
      "integrity": "sha512-xABLsjs2BftKezH2mc34k6GVIXgmUjdv5bY2MFQI3btkVXn/vVbg/WEB/JNOmXl4dIvZXFMD9ANncS6n0PvcSw==",
      "requires": {
        "@onflow/interaction": "0.0.10"
      }
    },
    "@onflow/sdk-build-get-latest-block": {
      "version": "0.0.0",
      "resolved": "https://registry.npmjs.org/@onflow/sdk-build-get-latest-block/-/sdk-build-get-latest-block-0.0.0.tgz",
      "integrity": "sha512-RnUkH3gqStboZ6pQXTeGq7CrMwaqD2p+z4rHqBlcbLF8pAiJQgFLDigQ2vUxrwkMJmnNqi3lJfMzX58dgDa2JA==",
      "requires": {
        "@onflow/interaction": "0.0.10"
      }
    },
    "@onflow/sdk-build-invariant": {
      "version": "0.0.0",
      "resolved": "https://registry.npmjs.org/@onflow/sdk-build-invariant/-/sdk-build-invariant-0.0.0.tgz",
      "integrity": "sha512-eB1Jf6NZQ7wKQMudc2a6T03/SFH3OyVm67mKzU+gWXOUBZwh2GZfaW8ujchrYwy0tFyyqzTP1nqEFws8cQyvJg==",
      "requires": {
        "@onflow/interaction": "0.0.10"
      }
    },
    "@onflow/sdk-build-limit": {
      "version": "0.0.0",
      "resolved": "https://registry.npmjs.org/@onflow/sdk-build-limit/-/sdk-build-limit-0.0.0.tgz",
      "integrity": "sha512-HDl6UD7M6QgkII8tMlVgYeHO8WxkjzeQq/d16ZBeux5IGA0jd3mdV0sZSB01n6dio82Ap+vW79uIgM3e1urs5A==",
      "requires": {
        "@onflow/interaction": "0.0.10"
      }
    },
    "@onflow/sdk-build-params": {
      "version": "0.0.0",
      "resolved": "https://registry.npmjs.org/@onflow/sdk-build-params/-/sdk-build-params-0.0.0.tgz",
      "integrity": "sha512-Y6TT0MbkzsemAOuwDoCkhUF286krqndGS9bzQ+ipaykGz6ibKDguXGzPCq+eRLA8+uVMsEWcUJ/UE6YxzuwUeg==",
      "requires": {
        "@onflow/interaction": "0.0.10"
      }
    },
    "@onflow/sdk-build-payer": {
      "version": "0.0.0",
      "resolved": "https://registry.npmjs.org/@onflow/sdk-build-payer/-/sdk-build-payer-0.0.0.tgz",
      "integrity": "sha512-siVQV8XE1l94Bqotx2thB59rTWkfTBuvyVOY7oj1hibYMBcyg+xQozZRJEZEV8H5aQOXkSmP7JXlutfqqFqt0Q==",
      "requires": {
        "@onflow/interaction": "0.0.10"
      }
    },
    "@onflow/sdk-build-ping": {
      "version": "0.0.0",
      "resolved": "https://registry.npmjs.org/@onflow/sdk-build-ping/-/sdk-build-ping-0.0.0.tgz",
      "integrity": "sha512-NRcg5drVzBkviK339t3KQL6yIN5JuO9xsTlALgAgPduABv1RfxdNCRSxWtxfqozNSz8c11ki+KTdZHJIwmBZAg==",
      "requires": {
        "@onflow/interaction": "0.0.10"
      }
    },
    "@onflow/sdk-build-proposer": {
      "version": "0.0.0",
      "resolved": "https://registry.npmjs.org/@onflow/sdk-build-proposer/-/sdk-build-proposer-0.0.0.tgz",
      "integrity": "sha512-voEjh9ioG/R4EKFx9QWOEplhYOfB5ddwuoYQq5/0R6hLKnylnnTFvnphtWIMlcwhOJWM17ViKyozvucS0MhlyQ==",
      "requires": {
        "@onflow/interaction": "0.0.10"
      }
    },
    "@onflow/sdk-build-ref": {
      "version": "0.0.0",
      "resolved": "https://registry.npmjs.org/@onflow/sdk-build-ref/-/sdk-build-ref-0.0.0.tgz",
      "integrity": "sha512-+5bPNaOWnNeB+6vSBgBW9ojg6pkK8nvPwqMWvJQ9nVKPhsCXDO8Y28PtFjX0/vWbt+lRR4vfgdbG8fGfLV7Nzg==",
      "requires": {
        "@onflow/interaction": "0.0.10"
      }
    },
    "@onflow/sdk-build-script": {
      "version": "0.0.0",
      "resolved": "https://registry.npmjs.org/@onflow/sdk-build-script/-/sdk-build-script-0.0.0.tgz",
      "integrity": "sha512-r7CG+Q9svfTUykH61t4epo4D290NYvKlryQ+Csjot5FGTsvssXEwELRqiUOkONW7KOH+GpDG7LRQlikTgnnREQ==",
      "requires": {
        "@onflow/interaction": "0.0.10",
        "@onflow/util-template": "0.0.1"
      }
    },
    "@onflow/sdk-build-transaction": {
      "version": "0.0.0",
      "resolved": "https://registry.npmjs.org/@onflow/sdk-build-transaction/-/sdk-build-transaction-0.0.0.tgz",
      "integrity": "sha512-19S6QB2LcFxOm5o91A8Q4Pcfdrk1bdvnasyNdG1Cel/SwKLPUoHmCoelFCHbZkIYlwnEdLQZm11plQIfo70o6w==",
      "requires": {
        "@onflow/interaction": "0.0.10",
        "@onflow/util-template": "0.0.1"
      }
    },
    "@onflow/sdk-build-transaction-status": {
      "version": "0.0.0",
      "resolved": "https://registry.npmjs.org/@onflow/sdk-build-transaction-status/-/sdk-build-transaction-status-0.0.0.tgz",
      "integrity": "sha512-hj1AJgJsK/PVmY5s7gzsqoekzswFudI7VWj1oee99NKqM+BRPGH7HBTuEIYP1PZZ7XCW1KsDy54QbqPfMmeIUQ==",
      "requires": {
        "@onflow/interaction": "0.0.10"
      }
    },
    "@onflow/sdk-build-validator": {
      "version": "0.0.0",
      "resolved": "https://registry.npmjs.org/@onflow/sdk-build-validator/-/sdk-build-validator-0.0.0.tgz",
      "integrity": "sha512-ZgYappRaqmDXKOP9By1ZODa3iQu6xlHN0I53UZ5HgLtQ8MXsVCvpsNR7Zj9rYeWdlfJDglQeWORmhluw7zssSw==",
      "requires": {
        "@onflow/interaction": "0.0.10"
      }
    },
    "@onflow/sdk-decode": {
      "version": "0.0.2",
      "resolved": "https://registry.npmjs.org/@onflow/sdk-decode/-/sdk-decode-0.0.2.tgz",
      "integrity": "sha512-qqz29UaGEVVmfols5VRUODL3m73rURs/VAEDbCFjlrGn2kPRCUOcYofazge88jYY/9rwYuDvueDEVDg4iLV2+A==",
      "requires": {
        "@onflow/config": "0.0.2",
        "@onflow/decode": "0.0.10"
      }
    },
    "@onflow/sdk-latest-block": {
      "version": "0.0.8",
      "resolved": "https://registry.npmjs.org/@onflow/sdk-latest-block/-/sdk-latest-block-0.0.8.tgz",
      "integrity": "sha512-zBuETIqF+1KIi9C4BOUp1zKmrUdLHdYHSnVeV5rgS+90GNy5f3nH3xsWXKg74KRs3ZD0QgoJRkf3zTODuHpjmw==",
      "requires": {
        "@onflow/sdk-build-get-latest-block": "0.0.0",
        "@onflow/sdk-decode": "0.0.2",
        "@onflow/sdk-send": "0.0.10"
      }
    },
    "@onflow/sdk-resolve": {
      "version": "0.0.10",
      "resolved": "https://registry.npmjs.org/@onflow/sdk-resolve/-/sdk-resolve-0.0.10.tgz",
      "integrity": "sha512-SnlAZfenZWoWasLSQepnMljTEe7T9GWYUwR1VgF0/tXxnjDtnbhH9hH2WDp1Ioyev8DA7V3Jqd4qygj+fOsnMg==",
      "requires": {
        "@onflow/interaction": "0.0.10",
        "@onflow/sdk-resolve-accounts": "0.0.0",
        "@onflow/sdk-resolve-arguments": "0.0.1",
        "@onflow/sdk-resolve-cadence": "0.0.1",
        "@onflow/sdk-resolve-ref-block-id": "0.0.7",
        "@onflow/sdk-resolve-signatures": "0.0.5",
        "@onflow/sdk-resolve-validators": "0.0.0"
      }
    },
    "@onflow/sdk-resolve-accounts": {
      "version": "0.0.0",
      "resolved": "https://registry.npmjs.org/@onflow/sdk-resolve-accounts/-/sdk-resolve-accounts-0.0.0.tgz",
      "integrity": "sha512-IrYWNC8Am/b8dznsbuh+/LLTkaXrkjsFMnRDc7ANFC7wZoukWv3Wwf2U/5ybtaTAJax5SF/SNgLeS4Inx60uOA==",
      "requires": {
        "@onflow/interaction": "0.0.10"
      }
    },
    "@onflow/sdk-resolve-arguments": {
      "version": "0.0.1",
      "resolved": "https://registry.npmjs.org/@onflow/sdk-resolve-arguments/-/sdk-resolve-arguments-0.0.1.tgz",
      "integrity": "sha512-CbGEZo28l8uaHt8oA5O7yVOOdakjTFXICQCtBDnT+z8tEvDaqIR29rgE9uzXbDnPSCSxHSsxttO1nxQ8DzDEOQ==",
      "requires": {
        "@onflow/interaction": "0.0.10"
      }
    },
    "@onflow/sdk-resolve-cadence": {
      "version": "0.0.1",
      "resolved": "https://registry.npmjs.org/@onflow/sdk-resolve-cadence/-/sdk-resolve-cadence-0.0.1.tgz",
      "integrity": "sha512-nZf5JwwjCcG55GaB325Y5PwyhYq6PRo1eVLz3rxFP8RB3LTxaPJwuPK8QD5wfeGumM/7UvtbvuEBZwEqN9eKtQ==",
      "requires": {
        "@onflow/interaction": "0.0.10"
      }
    },
    "@onflow/sdk-resolve-ref-block-id": {
      "version": "0.0.7",
      "resolved": "https://registry.npmjs.org/@onflow/sdk-resolve-ref-block-id/-/sdk-resolve-ref-block-id-0.0.7.tgz",
      "integrity": "sha512-Q+eD27TgpIiMu8FXZ0tBCZCDRwWmtc85dKNuJZlqLHl8aZ/5H7BnNpTaj2O6TWzJAXakeBtDIdHz8Zeb1to5oA==",
      "requires": {
        "@onflow/decode": "0.0.10",
        "@onflow/interaction": "0.0.10",
        "@onflow/sdk-build-get-latest-block": "0.0.0",
        "@onflow/send": "0.0.35"
      }
    },
    "@onflow/sdk-resolve-signatures": {
      "version": "0.0.5",
      "resolved": "https://registry.npmjs.org/@onflow/sdk-resolve-signatures/-/sdk-resolve-signatures-0.0.5.tgz",
      "integrity": "sha512-rh/8ZVS3O3bMQSwVYfxewSLVVf5zUmcaCGR9AufPxZJYCH7YCrjbYzkEpsTZKUNxn4uzxp3X4gsPLvzKyZuiMQ==",
      "requires": {
        "@onflow/encode": "0.0.8",
        "@onflow/interaction": "0.0.10",
        "@onflow/util-address": "0.0.0"
      }
    },
    "@onflow/sdk-resolve-validators": {
      "version": "0.0.0",
      "resolved": "https://registry.npmjs.org/@onflow/sdk-resolve-validators/-/sdk-resolve-validators-0.0.0.tgz",
      "integrity": "sha512-OiC6o8VgzZ2mn1qD3Bi12zbXk9AS8ALoLg4X8XnYJqe1HwCBVaAAy+dFL8jI7SVvgqOINTGxcz+6cF4UvfZUPw==",
      "requires": {
        "@onflow/interaction": "0.0.10"
      }
    },
    "@onflow/sdk-send": {
      "version": "0.0.10",
      "resolved": "https://registry.npmjs.org/@onflow/sdk-send/-/sdk-send-0.0.10.tgz",
      "integrity": "sha512-jzJuLsEKnW6lsP2gxcgF5LPW2HVjnClSKGo5Y+w8VQdgGvWVWLkMqUMJF3Pf/X6pQ1oWXfFu9UNioRKQnFW2ZQ==",
      "requires": {
        "@onflow/config": "0.0.2",
        "@onflow/interaction": "0.0.10",
        "@onflow/sdk-resolve": "0.0.10",
        "@onflow/send": "0.0.35"
      }
    },
    "@onflow/send": {
      "version": "0.0.35",
      "resolved": "https://registry.npmjs.org/@onflow/send/-/send-0.0.35.tgz",
      "integrity": "sha512-yJbpC8tF1SOaBpNWi2CEoGQSSO/sH8+9VBWwbxolc4xUwmyl8F+1WpYdXesOSDQFCzSP5womt3xKYWG4LF7FGw==",
      "requires": {
        "@improbable-eng/grpc-web": "0.12.0",
        "@improbable-eng/grpc-web-node-http-transport": "0.12.0",
        "@onflow/config": "0.0.2",
        "@onflow/interaction": "0.0.10",
        "@onflow/protobuf": "0.1.8",
        "@onflow/response": "0.0.2",
        "@onflow/util-address": "^0.0.0"
      }
    },
    "@onflow/types": {
      "version": "0.0.4",
      "resolved": "https://registry.npmjs.org/@onflow/types/-/types-0.0.4.tgz",
      "integrity": "sha512-47r0qTM45mR7FSvyEE0njGljkpgy3MCf/2W82pfZ/PTFGWr1nsGV/4j2bUfK9Sry4Ymz2W20iRZVP3xpqOhqGw=="
    },
    "@onflow/util-actor": {
      "version": "0.0.2",
      "resolved": "https://registry.npmjs.org/@onflow/util-actor/-/util-actor-0.0.2.tgz",
      "integrity": "sha512-NV3zPXQue3FqVgcIIMo6ifJOiP3hVSQTaR4ZrWLFU5iAZ/L73cTtBMbCB4BUFOe20ALtF2c9PFmpNVowCYV+nw==",
      "requires": {
        "queue-microtask": "1.1.2"
      }
    },
    "@onflow/util-address": {
      "version": "0.0.0",
      "resolved": "https://registry.npmjs.org/@onflow/util-address/-/util-address-0.0.0.tgz",
      "integrity": "sha512-Lzbw/wV3O1fmfXYF2q6iGLgHz/7ATsLXOHceP5tzeEAKNf+srdtTNJv5jhNGhpFFAtQ6TcomXURVMhUg+/4YbA=="
    },
    "@onflow/util-invariant": {
      "version": "0.0.0",
      "resolved": "https://registry.npmjs.org/@onflow/util-invariant/-/util-invariant-0.0.0.tgz",
      "integrity": "sha512-ZCt+NqLdeHt9tZhb0DGxo6iSIS9oNUpLkd0PEMzUYUHr4UwrUO7VruV1AUW3PaF9V78DZ13fNZUiQEzdF76O/w=="
    },
    "@onflow/util-template": {
      "version": "0.0.1",
      "resolved": "https://registry.npmjs.org/@onflow/util-template/-/util-template-0.0.1.tgz",
      "integrity": "sha512-qlJ0oq+QujnZRCOGYaw5OKSDpiDIOpwQMYlMe4Mbz//Wn+LOmUghoKZGmRP+YCgp7BJ4aB6AWW/7kL83NDy50A=="
    },
    "@onflow/util-uid": {
      "version": "0.0.1",
      "resolved": "https://registry.npmjs.org/@onflow/util-uid/-/util-uid-0.0.1.tgz",
      "integrity": "sha512-SzBscBdyn1Zoks0Wo/w7J/Ds9IZ/T+KM/wyWMwWla4PnxwBFviy1BytEQY+sM5q1UNOvaGWgGEoRmH/oOCcglA=="
    },
    "ansi-regex": {
      "version": "5.0.0",
      "resolved": "https://registry.npmjs.org/ansi-regex/-/ansi-regex-5.0.0.tgz",
      "integrity": "sha512-bY6fj56OUQ0hU1KjFNDQuJFezqKdrAyFdIevADiqrWHwSlbmBNMHp5ak2f40Pm8JTFyM2mqxkG6ngkHO11f/lg==",
      "dev": true
    },
    "browser-headers": {
      "version": "0.4.1",
      "resolved": "https://registry.npmjs.org/browser-headers/-/browser-headers-0.4.1.tgz",
      "integrity": "sha512-CA9hsySZVo9371qEHjHZtYxV2cFtVj5Wj/ZHi8ooEsrtm4vOnl9Y9HmyYWk9q+05d7K3rdoAE0j3MVEFVvtQtg=="
    },
    "cross-spawn": {
      "version": "7.0.3",
      "resolved": "https://registry.npmjs.org/cross-spawn/-/cross-spawn-7.0.3.tgz",
      "integrity": "sha512-iRDPJKUPVEND7dHPO8rkbOnPpyDygcDFtWjpeWNCgy8WP2rXcxXL8TskReQl6OrB2G7+UJrags1q15Fudc7G6w==",
      "dev": true,
      "requires": {
        "path-key": "^3.1.0",
        "shebang-command": "^2.0.0",
        "which": "^2.0.1"
      }
    },
    "duplexer": {
      "version": "0.1.2",
      "resolved": "https://registry.npmjs.org/duplexer/-/duplexer-0.1.2.tgz",
      "integrity": "sha512-jtD6YG370ZCIi/9GTaJKQxWTZD045+4R4hTk/x1UyoqadyJ9x9CgSi1RlVDQF8U2sxLLSnFkCaMihqljHIWgMg==",
      "dev": true
    },
    "event-stream": {
      "version": "3.3.4",
      "resolved": "https://registry.npmjs.org/event-stream/-/event-stream-3.3.4.tgz",
      "integrity": "sha1-SrTJoPWlTbkzi0w02Gv86PSzVXE=",
      "dev": true,
      "requires": {
        "duplexer": "~0.1.1",
        "from": "~0",
        "map-stream": "~0.1.0",
        "pause-stream": "0.0.11",
        "split": "0.3",
        "stream-combiner": "~0.0.4",
        "through": "~2.3.1"
      }
    },
    "from": {
      "version": "0.1.7",
      "resolved": "https://registry.npmjs.org/from/-/from-0.1.7.tgz",
      "integrity": "sha1-g8YK/Fi5xWmXAH7Rp2izqzA6RP4=",
      "dev": true
    },
    "google-protobuf": {
      "version": "3.15.6",
      "resolved": "https://registry.npmjs.org/google-protobuf/-/google-protobuf-3.15.6.tgz",
      "integrity": "sha512-p65NyhIZFHFUxbIPOm6cygg2rCjK+2uDCxruOG3RaWKM9R4rBGX0STmlJoSOhoyAG8Fha7U8FP4pQomAV1JXsA=="
    },
    "isexe": {
      "version": "2.0.0",
      "resolved": "https://registry.npmjs.org/isexe/-/isexe-2.0.0.tgz",
      "integrity": "sha1-6PvzdNxVb/iUehDcsFctYz8s+hA=",
      "dev": true
    },
    "map-stream": {
      "version": "0.1.0",
      "resolved": "https://registry.npmjs.org/map-stream/-/map-stream-0.1.0.tgz",
      "integrity": "sha1-5WqpTEyAVaFkBKBnS3jyFffI4ZQ=",
      "dev": true
    },
    "node-cleanup": {
      "version": "2.1.2",
      "resolved": "https://registry.npmjs.org/node-cleanup/-/node-cleanup-2.1.2.tgz",
      "integrity": "sha1-esGavSl+Caf3KnFUXZUbUX5N3iw=",
      "dev": true
    },
    "path-key": {
      "version": "3.1.1",
      "resolved": "https://registry.npmjs.org/path-key/-/path-key-3.1.1.tgz",
      "integrity": "sha512-ojmeN0qd+y0jszEtoY48r0Peq5dwMEkIlCOu6Q5f41lfkswXuKtYrhgoTpLnyIcHm24Uhqx+5Tqm2InSwLhE6Q==",
      "dev": true
    },
    "pause-stream": {
      "version": "0.0.11",
      "resolved": "https://registry.npmjs.org/pause-stream/-/pause-stream-0.0.11.tgz",
      "integrity": "sha1-/lo0sMvOErWqaitAPuLnO2AvFEU=",
      "dev": true,
      "requires": {
        "through": "~2.3"
      }
    },
    "ps-tree": {
      "version": "1.2.0",
      "resolved": "https://registry.npmjs.org/ps-tree/-/ps-tree-1.2.0.tgz",
      "integrity": "sha512-0VnamPPYHl4uaU/nSFeZZpR21QAWRz+sRv4iW9+v/GS/J5U5iZB5BNN6J0RMoOvdx2gWM2+ZFMIm58q24e4UYA==",
      "dev": true,
      "requires": {
        "event-stream": "=3.3.4"
      }
    },
    "queue-microtask": {
      "version": "1.1.2",
      "resolved": "https://registry.npmjs.org/queue-microtask/-/queue-microtask-1.1.2.tgz",
      "integrity": "sha512-F9wwNePtXrzZenAB3ax0Y8TSKGvuB7Qw16J30hspEUTbfUM+H827XyN3rlpwhVmtm5wuZtbKIHjOnwDn7MUxWQ=="
    },
    "shebang-command": {
      "version": "2.0.0",
      "resolved": "https://registry.npmjs.org/shebang-command/-/shebang-command-2.0.0.tgz",
      "integrity": "sha512-kHxr2zZpYtdmrN1qDjrrX/Z1rR1kG8Dx+gkpK1G4eXmvXswmcE1hTWBWYUzlraYw1/yZp6YuDY77YtvbN0dmDA==",
      "dev": true,
      "requires": {
        "shebang-regex": "^3.0.0"
      }
    },
    "shebang-regex": {
      "version": "3.0.0",
      "resolved": "https://registry.npmjs.org/shebang-regex/-/shebang-regex-3.0.0.tgz",
      "integrity": "sha512-7++dFhtcx3353uBaq8DDR4NuxBetBzC7ZQOhmTQInHEd6bSrXdiEyzCvG07Z44UYdLShWUyXt5M/yhz8ekcb1A==",
      "dev": true
    },
    "split": {
      "version": "0.3.3",
      "resolved": "https://registry.npmjs.org/split/-/split-0.3.3.tgz",
      "integrity": "sha1-zQ7qXmOiEd//frDwkcQTPi0N0o8=",
      "dev": true,
      "requires": {
        "through": "2"
      }
    },
    "stream-combiner": {
      "version": "0.0.4",
      "resolved": "https://registry.npmjs.org/stream-combiner/-/stream-combiner-0.0.4.tgz",
      "integrity": "sha1-TV5DPBhSYd3mI8o/RMWGvPXErRQ=",
      "dev": true,
      "requires": {
        "duplexer": "~0.1.1"
      }
    },
    "string-argv": {
      "version": "0.1.2",
      "resolved": "https://registry.npmjs.org/string-argv/-/string-argv-0.1.2.tgz",
      "integrity": "sha512-mBqPGEOMNJKXRo7z0keX0wlAhbBAjilUdPW13nN0PecVryZxdHIeM7TqbsSUA7VYuS00HGC6mojP7DlQzfa9ZA==",
      "dev": true
    },
    "strip-ansi": {
      "version": "6.0.0",
      "resolved": "https://registry.npmjs.org/strip-ansi/-/strip-ansi-6.0.0.tgz",
      "integrity": "sha512-AuvKTrTfQNYNIctbR1K/YGTR1756GycPsg7b9bdV9Duqur4gv6aKqHXah67Z8ImS7WEz5QVcOtlfW2rZEugt6w==",
      "dev": true,
      "requires": {
        "ansi-regex": "^5.0.0"
      }
    },
    "through": {
      "version": "2.3.8",
      "resolved": "https://registry.npmjs.org/through/-/through-2.3.8.tgz",
      "integrity": "sha1-DdTJ/6q8NXlgsbckEV1+Doai4fU=",
      "dev": true
    },
    "tsc-watch": {
      "version": "4.2.9",
      "resolved": "https://registry.npmjs.org/tsc-watch/-/tsc-watch-4.2.9.tgz",
      "integrity": "sha512-DlTaoDs74+KUpyWr7dCGhuscAUKCz6CiFduBN7R9RbLJSSN1moWdwoCLASE7+zLgGvV5AwXfYDiEMAsPGaO+Vw==",
      "dev": true,
      "requires": {
        "cross-spawn": "^7.0.3",
        "node-cleanup": "^2.1.2",
        "ps-tree": "^1.2.0",
        "string-argv": "^0.1.1",
        "strip-ansi": "^6.0.0"
      }
    },
    "which": {
      "version": "2.0.2",
      "resolved": "https://registry.npmjs.org/which/-/which-2.0.2.tgz",
      "integrity": "sha512-BLI3Tl1TW3Pvl70l3yq3Y64i+awpwXqsGBYWkkqMtnbXgrMD+yj7rhW0kuEDxzJaYXGjEW5ogapKNMEKNMjibA==",
      "dev": true,
      "requires": {
        "isexe": "^2.0.0"
      }
    }
  }
}
